// !$*UTF8*$!
{
	archiveVersion = 1;
	classes = {
	};
	objectVersion = 51;
	objects = {

/* Begin PBXBuildFile section */
		05A12F832599D48B00367767 /* AppDelegate.swift in Sources */ = {isa = PBXBuildFile; fileRef = 05A12F822599D48B00367767 /* AppDelegate.swift */; };
		05A12F8C2599D48D00367767 /* Assets.xcassets in Resources */ = {isa = PBXBuildFile; fileRef = 05A12F8B2599D48D00367767 /* Assets.xcassets */; };
		05A12F8F2599D48D00367767 /* LaunchScreen.storyboard in Resources */ = {isa = PBXBuildFile; fileRef = 05A12F8D2599D48D00367767 /* LaunchScreen.storyboard */; };
		05A12FB12599F0EB00367767 /* Localizable.strings in Resources */ = {isa = PBXBuildFile; fileRef = 05A12FB32599F0EB00367767 /* Localizable.strings */; };
		05A12FBA2599F1ED00367767 /* Assets.swift in Sources */ = {isa = PBXBuildFile; fileRef = 05A12FB72599F1ED00367767 /* Assets.swift */; };
		05A12FBB2599F1ED00367767 /* Scenes.swift in Sources */ = {isa = PBXBuildFile; fileRef = 05A12FB82599F1ED00367767 /* Scenes.swift */; };
		05A12FBC2599F1ED00367767 /* Strings.swift in Sources */ = {isa = PBXBuildFile; fileRef = 05A12FB92599F1ED00367767 /* Strings.swift */; };
		05A12FC9259A072200367767 /* AutoAssembly.swift in Sources */ = {isa = PBXBuildFile; fileRef = 05A12FC7259A072200367767 /* AutoAssembly.swift */; };
		05A12FCA259A072200367767 /* SwinjectConfigurator.swift in Sources */ = {isa = PBXBuildFile; fileRef = 05A12FC8259A072200367767 /* SwinjectConfigurator.swift */; };
		05A12FCF259A074400367767 /* String+cString.swift in Sources */ = {isa = PBXBuildFile; fileRef = 05A12FCE259A074400367767 /* String+cString.swift */; };
		05A12FD2259A086100367767 /* AppCoordinator.swift in Sources */ = {isa = PBXBuildFile; fileRef = 05A12FD1259A086100367767 /* AppCoordinator.swift */; };
		05A12FD9259A095700367767 /* Coordinator.swift in Sources */ = {isa = PBXBuildFile; fileRef = 05A12FD8259A095700367767 /* Coordinator.swift */; };
		05A12FE2259A0DFE00367767 /* StartUp.storyboard in Resources */ = {isa = PBXBuildFile; fileRef = 05A12FDD259A0DFE00367767 /* StartUp.storyboard */; };
		05A12FE3259A0DFE00367767 /* StartUpCoordinator.swift in Sources */ = {isa = PBXBuildFile; fileRef = 05A12FDE259A0DFE00367767 /* StartUpCoordinator.swift */; };
		05A12FE4259A0DFE00367767 /* StartUpPresenter.swift in Sources */ = {isa = PBXBuildFile; fileRef = 05A12FDF259A0DFE00367767 /* StartUpPresenter.swift */; };
		05A12FE5259A0DFE00367767 /* StartUpViewController.swift in Sources */ = {isa = PBXBuildFile; fileRef = 05A12FE0259A0DFE00367767 /* StartUpViewController.swift */; };
		05A12FE6259A0DFE00367767 /* StartUpAssembly.swift in Sources */ = {isa = PBXBuildFile; fileRef = 05A12FE1259A0DFE00367767 /* StartUpAssembly.swift */; };
		05A12FED259A13E500367767 /* AppAssembly.swift in Sources */ = {isa = PBXBuildFile; fileRef = 05A12FEC259A13E500367767 /* AppAssembly.swift */; };
		4584FA32B809E4A6A1102BDD /* Pods_Oniony.framework in Frameworks */ = {isa = PBXBuildFile; fileRef = A5AC5D2BF99963CB38B9B520 /* Pods_Oniony.framework */; };
/* End PBXBuildFile section */

/* Begin PBXFileReference section */
		05A12F7F2599D48B00367767 /* Oniony.app */ = {isa = PBXFileReference; explicitFileType = wrapper.application; includeInIndex = 0; path = Oniony.app; sourceTree = BUILT_PRODUCTS_DIR; };
		05A12F822599D48B00367767 /* AppDelegate.swift */ = {isa = PBXFileReference; lastKnownFileType = sourcecode.swift; path = AppDelegate.swift; sourceTree = "<group>"; };
		05A12F8B2599D48D00367767 /* Assets.xcassets */ = {isa = PBXFileReference; lastKnownFileType = folder.assetcatalog; path = Assets.xcassets; sourceTree = "<group>"; };
		05A12F8E2599D48D00367767 /* Base */ = {isa = PBXFileReference; lastKnownFileType = file.storyboard; name = Base; path = Base.lproj/LaunchScreen.storyboard; sourceTree = "<group>"; };
		05A12F902599D48D00367767 /* Info.plist */ = {isa = PBXFileReference; lastKnownFileType = text.plist.xml; path = Info.plist; sourceTree = "<group>"; };
		05A12FB22599F0EB00367767 /* en */ = {isa = PBXFileReference; lastKnownFileType = text.plist.strings; name = en; path = en.lproj/Localizable.strings; sourceTree = "<group>"; };
		05A12FB72599F1ED00367767 /* Assets.swift */ = {isa = PBXFileReference; fileEncoding = 4; lastKnownFileType = sourcecode.swift; path = Assets.swift; sourceTree = "<group>"; };
		05A12FB82599F1ED00367767 /* Scenes.swift */ = {isa = PBXFileReference; fileEncoding = 4; lastKnownFileType = sourcecode.swift; path = Scenes.swift; sourceTree = "<group>"; };
		05A12FB92599F1ED00367767 /* Strings.swift */ = {isa = PBXFileReference; fileEncoding = 4; lastKnownFileType = sourcecode.swift; path = Strings.swift; sourceTree = "<group>"; };
		05A12FC7259A072200367767 /* AutoAssembly.swift */ = {isa = PBXFileReference; fileEncoding = 4; lastKnownFileType = sourcecode.swift; path = AutoAssembly.swift; sourceTree = "<group>"; };
		05A12FC8259A072200367767 /* SwinjectConfigurator.swift */ = {isa = PBXFileReference; fileEncoding = 4; lastKnownFileType = sourcecode.swift; path = SwinjectConfigurator.swift; sourceTree = "<group>"; };
		05A12FCE259A074400367767 /* String+cString.swift */ = {isa = PBXFileReference; fileEncoding = 4; lastKnownFileType = sourcecode.swift; path = "String+cString.swift"; sourceTree = "<group>"; };
		05A12FD1259A086100367767 /* AppCoordinator.swift */ = {isa = PBXFileReference; lastKnownFileType = sourcecode.swift; path = AppCoordinator.swift; sourceTree = "<group>"; };
		05A12FD8259A095700367767 /* Coordinator.swift */ = {isa = PBXFileReference; lastKnownFileType = sourcecode.swift; path = Coordinator.swift; sourceTree = "<group>"; };
		05A12FDD259A0DFE00367767 /* StartUp.storyboard */ = {isa = PBXFileReference; lastKnownFileType = file.storyboard; path = StartUp.storyboard; sourceTree = "<group>"; };
		05A12FDE259A0DFE00367767 /* StartUpCoordinator.swift */ = {isa = PBXFileReference; lastKnownFileType = sourcecode.swift; path = StartUpCoordinator.swift; sourceTree = "<group>"; };
		05A12FDF259A0DFE00367767 /* StartUpPresenter.swift */ = {isa = PBXFileReference; lastKnownFileType = sourcecode.swift; path = StartUpPresenter.swift; sourceTree = "<group>"; };
		05A12FE0259A0DFE00367767 /* StartUpViewController.swift */ = {isa = PBXFileReference; lastKnownFileType = sourcecode.swift; path = StartUpViewController.swift; sourceTree = "<group>"; };
		05A12FE1259A0DFE00367767 /* StartUpAssembly.swift */ = {isa = PBXFileReference; lastKnownFileType = sourcecode.swift; path = StartUpAssembly.swift; sourceTree = "<group>"; };
		05A12FEC259A13E500367767 /* AppAssembly.swift */ = {isa = PBXFileReference; lastKnownFileType = sourcecode.swift; path = AppAssembly.swift; sourceTree = "<group>"; };
		1A2B943AC2E5BE5B8EA8B9B1 /* Pods-Oniony.release.xcconfig */ = {isa = PBXFileReference; includeInIndex = 1; lastKnownFileType = text.xcconfig; name = "Pods-Oniony.release.xcconfig"; path = "Target Support Files/Pods-Oniony/Pods-Oniony.release.xcconfig"; sourceTree = "<group>"; };
		A5AC5D2BF99963CB38B9B520 /* Pods_Oniony.framework */ = {isa = PBXFileReference; explicitFileType = wrapper.framework; includeInIndex = 0; path = Pods_Oniony.framework; sourceTree = BUILT_PRODUCTS_DIR; };
		C597BAB89150FF2AFF31AC01 /* Pods-Oniony.debug.xcconfig */ = {isa = PBXFileReference; includeInIndex = 1; lastKnownFileType = text.xcconfig; name = "Pods-Oniony.debug.xcconfig"; path = "Target Support Files/Pods-Oniony/Pods-Oniony.debug.xcconfig"; sourceTree = "<group>"; };
/* End PBXFileReference section */

/* Begin PBXFrameworksBuildPhase section */
		05A12F7C2599D48B00367767 /* Frameworks */ = {
			isa = PBXFrameworksBuildPhase;
			buildActionMask = 2147483647;
			files = (
				4584FA32B809E4A6A1102BDD /* Pods_Oniony.framework in Frameworks */,
			);
			runOnlyForDeploymentPostprocessing = 0;
		};
/* End PBXFrameworksBuildPhase section */

/* Begin PBXGroup section */
		05A12F762599D48B00367767 = {
			isa = PBXGroup;
			children = (
				05A12F812599D48B00367767 /* Oniony */,
				76E8BD4FE4AE483C9A0F9E54 /* Frameworks */,
				3B67BD12DD644508ED2912F0 /* Pods */,
				05A12F802599D48B00367767 /* Products */,
			);
			sourceTree = "<group>";
		};
		05A12F802599D48B00367767 /* Products */ = {
			isa = PBXGroup;
			children = (
				05A12F7F2599D48B00367767 /* Oniony.app */,
			);
			name = Products;
			sourceTree = "<group>";
		};
		05A12F812599D48B00367767 /* Oniony */ = {
			isa = PBXGroup;
			children = (
				05A12F822599D48B00367767 /* AppDelegate.swift */,
				05A12FD1259A086100367767 /* AppCoordinator.swift */,
				05A12FC3259A06C400367767 /* Business Logic */,
				05A12FD4259A093600367767 /* UI */,
				05A12FCC259A072500367767 /* Utility */,
				05A12FAC2599F07F00367767 /* Generated */,
				05A12F8B2599D48D00367767 /* Assets.xcassets */,
				05A12FB32599F0EB00367767 /* Localizable.strings */,
				05A12F8D2599D48D00367767 /* LaunchScreen.storyboard */,
				05A12F902599D48D00367767 /* Info.plist */,
			);
			path = Oniony;
			sourceTree = "<group>";
		};
		05A12FAC2599F07F00367767 /* Generated */ = {
			isa = PBXGroup;
			children = (
				05A12FB72599F1ED00367767 /* Assets.swift */,
				05A12FB82599F1ED00367767 /* Scenes.swift */,
				05A12FB92599F1ED00367767 /* Strings.swift */,
			);
			path = Generated;
			sourceTree = "<group>";
		};
		05A12FC3259A06C400367767 /* Business Logic */ = {
			isa = PBXGroup;
			children = (
				05A12FC5259A06CE00367767 /* Assembly */,
			);
			path = "Business Logic";
			sourceTree = "<group>";
		};
		05A12FC5259A06CE00367767 /* Assembly */ = {
			isa = PBXGroup;
			children = (
				05A12FC6259A06E200367767 /* Swinject */,
				05A12FEC259A13E500367767 /* AppAssembly.swift */,
			);
			path = Assembly;
			sourceTree = "<group>";
		};
		05A12FC6259A06E200367767 /* Swinject */ = {
			isa = PBXGroup;
			children = (
				05A12FC7259A072200367767 /* AutoAssembly.swift */,
				05A12FC8259A072200367767 /* SwinjectConfigurator.swift */,
			);
			path = Swinject;
			sourceTree = "<group>";
		};
		05A12FCC259A072500367767 /* Utility */ = {
			isa = PBXGroup;
			children = (
				05A12FCD259A073100367767 /* Swift */,
			);
			path = Utility;
			sourceTree = "<group>";
		};
		05A12FCD259A073100367767 /* Swift */ = {
			isa = PBXGroup;
			children = (
				05A12FCE259A074400367767 /* String+cString.swift */,
			);
			path = Swift;
			sourceTree = "<group>";
		};
		05A12FD4259A093600367767 /* UI */ = {
			isa = PBXGroup;
			children = (
				05A12FD6259A094600367767 /* Abstract */,
				05A12FD5259A094100367767 /* Common */,
				05A12FD7259A094B00367767 /* Story */,
			);
			path = UI;
			sourceTree = "<group>";
		};
		05A12FD5259A094100367767 /* Common */ = {
			isa = PBXGroup;
			children = (
			);
			path = Common;
			sourceTree = "<group>";
		};
		05A12FD6259A094600367767 /* Abstract */ = {
			isa = PBXGroup;
			children = (
				05A12FD8259A095700367767 /* Coordinator.swift */,
			);
			path = Abstract;
			sourceTree = "<group>";
		};
		05A12FD7259A094B00367767 /* Story */ = {
			isa = PBXGroup;
			children = (
				05A12FDC259A0DF000367767 /* StartUp */,
			);
			path = Story;
			sourceTree = "<group>";
		};
		05A12FDC259A0DF000367767 /* StartUp */ = {
			isa = PBXGroup;
			children = (
				05A12FE9259A0E1F00367767 /* Flow */,
				05A12FE1259A0DFE00367767 /* StartUpAssembly.swift */,
				05A12FDD259A0DFE00367767 /* StartUp.storyboard */,
			);
			path = StartUp;
			sourceTree = "<group>";
		};
		05A12FE9259A0E1F00367767 /* Flow */ = {
			isa = PBXGroup;
			children = (
				05A12FDE259A0DFE00367767 /* StartUpCoordinator.swift */,
				05A12FDF259A0DFE00367767 /* StartUpPresenter.swift */,
				05A12FE0259A0DFE00367767 /* StartUpViewController.swift */,
			);
			path = Flow;
			sourceTree = "<group>";
		};
		3B67BD12DD644508ED2912F0 /* Pods */ = {
			isa = PBXGroup;
			children = (
				C597BAB89150FF2AFF31AC01 /* Pods-Oniony.debug.xcconfig */,
				1A2B943AC2E5BE5B8EA8B9B1 /* Pods-Oniony.release.xcconfig */,
			);
			path = Pods;
			sourceTree = "<group>";
		};
		76E8BD4FE4AE483C9A0F9E54 /* Frameworks */ = {
			isa = PBXGroup;
			children = (
				A5AC5D2BF99963CB38B9B520 /* Pods_Oniony.framework */,
			);
			name = Frameworks;
			sourceTree = "<group>";
		};
/* End PBXGroup section */

/* Begin PBXNativeTarget section */
		05A12F7E2599D48B00367767 /* Oniony */ = {
			isa = PBXNativeTarget;
			buildConfigurationList = 05A12F932599D48D00367767 /* Build configuration list for PBXNativeTarget "Oniony" */;
			buildPhases = (
				2B98201F359B312FFBE76261 /* [CP] Check Pods Manifest.lock */,
				05A12F7B2599D48B00367767 /* Sources */,
				05A12F7C2599D48B00367767 /* Frameworks */,
				05A12F7D2599D48B00367767 /* Resources */,
				05A12FA72599F01900367767 /* SwiftLint */,
				05A12FB52599F1A800367767 /* SwiftGen */,
				FF746B5D12E4A46CC421A76F /* [CP] Embed Pods Frameworks */,
			);
			buildRules = (
			);
			dependencies = (
			);
			name = Oniony;
			productName = Oniony;
			productReference = 05A12F7F2599D48B00367767 /* Oniony.app */;
			productType = "com.apple.product-type.application";
		};
/* End PBXNativeTarget section */

/* Begin PBXProject section */
		05A12F772599D48B00367767 /* Project object */ = {
			isa = PBXProject;
			attributes = {
				LastSwiftUpdateCheck = 1210;
				LastUpgradeCheck = 1210;
				TargetAttributes = {
					05A12F7E2599D48B00367767 = {
						CreatedOnToolsVersion = 12.1;
					};
				};
			};
			buildConfigurationList = 05A12F7A2599D48B00367767 /* Build configuration list for PBXProject "Oniony" */;
			compatibilityVersion = "Xcode 9.3";
			developmentRegion = en;
			hasScannedForEncodings = 0;
			knownRegions = (
				en,
				Base,
			);
			mainGroup = 05A12F762599D48B00367767;
			productRefGroup = 05A12F802599D48B00367767 /* Products */;
			projectDirPath = "";
			projectRoot = "";
			targets = (
				05A12F7E2599D48B00367767 /* Oniony */,
			);
		};
/* End PBXProject section */

/* Begin PBXResourcesBuildPhase section */
		05A12F7D2599D48B00367767 /* Resources */ = {
			isa = PBXResourcesBuildPhase;
			buildActionMask = 2147483647;
			files = (
				05A12FE2259A0DFE00367767 /* StartUp.storyboard in Resources */,
				05A12F8F2599D48D00367767 /* LaunchScreen.storyboard in Resources */,
				05A12FB12599F0EB00367767 /* Localizable.strings in Resources */,
				05A12F8C2599D48D00367767 /* Assets.xcassets in Resources */,
			);
			runOnlyForDeploymentPostprocessing = 0;
		};
/* End PBXResourcesBuildPhase section */

/* Begin PBXShellScriptBuildPhase section */
		05A12FA72599F01900367767 /* SwiftLint */ = {
			isa = PBXShellScriptBuildPhase;
			buildActionMask = 2147483647;
			files = (
			);
			inputFileListPaths = (
			);
			inputPaths = (
			);
			name = SwiftLint;
			outputFileListPaths = (
			);
			outputPaths = (
			);
			runOnlyForDeploymentPostprocessing = 0;
			shellPath = /bin/sh;
			shellScript = "# Запускает линтер.\n\"${PODS_ROOT}/SwiftLint/swiftlint\"\n";
		};
		05A12FB52599F1A800367767 /* SwiftGen */ = {
			isa = PBXShellScriptBuildPhase;
			buildActionMask = 2147483647;
			files = (
			);
			inputFileListPaths = (
			);
			inputPaths = (
			);
			name = SwiftGen;
			outputFileListPaths = (
			);
			outputPaths = (
			);
			runOnlyForDeploymentPostprocessing = 0;
			shellPath = /bin/sh;
			shellScript = "# Запускает кодогенерацию.\n$PODS_ROOT/SwiftGen/bin/swiftgen config run\n";
		};
		2B98201F359B312FFBE76261 /* [CP] Check Pods Manifest.lock */ = {
			isa = PBXShellScriptBuildPhase;
			buildActionMask = 2147483647;
			files = (
			);
			inputFileListPaths = (
			);
			inputPaths = (
				"${PODS_PODFILE_DIR_PATH}/Podfile.lock",
				"${PODS_ROOT}/Manifest.lock",
			);
			name = "[CP] Check Pods Manifest.lock";
			outputFileListPaths = (
			);
			outputPaths = (
				"$(DERIVED_FILE_DIR)/Pods-Oniony-checkManifestLockResult.txt",
			);
			runOnlyForDeploymentPostprocessing = 0;
			shellPath = /bin/sh;
			shellScript = "diff \"${PODS_PODFILE_DIR_PATH}/Podfile.lock\" \"${PODS_ROOT}/Manifest.lock\" > /dev/null\nif [ $? != 0 ] ; then\n    # print error to STDERR\n    echo \"error: The sandbox is not in sync with the Podfile.lock. Run 'pod install' or update your CocoaPods installation.\" >&2\n    exit 1\nfi\n# This output is used by Xcode 'outputs' to avoid re-running this script phase.\necho \"SUCCESS\" > \"${SCRIPT_OUTPUT_FILE_0}\"\n";
			showEnvVarsInLog = 0;
		};
		FF746B5D12E4A46CC421A76F /* [CP] Embed Pods Frameworks */ = {
			isa = PBXShellScriptBuildPhase;
			buildActionMask = 2147483647;
			files = (
			);
			inputFileListPaths = (
				"${PODS_ROOT}/Target Support Files/Pods-Oniony/Pods-Oniony-frameworks-${CONFIGURATION}-input-files.xcfilelist",
			);
			name = "[CP] Embed Pods Frameworks";
			outputFileListPaths = (
				"${PODS_ROOT}/Target Support Files/Pods-Oniony/Pods-Oniony-frameworks-${CONFIGURATION}-output-files.xcfilelist",
			);
			runOnlyForDeploymentPostprocessing = 0;
			shellPath = /bin/sh;
			shellScript = "\"${PODS_ROOT}/Target Support Files/Pods-Oniony/Pods-Oniony-frameworks.sh\"\n";
			showEnvVarsInLog = 0;
		};
/* End PBXShellScriptBuildPhase section */

/* Begin PBXSourcesBuildPhase section */
		05A12F7B2599D48B00367767 /* Sources */ = {
			isa = PBXSourcesBuildPhase;
			buildActionMask = 2147483647;
			files = (
				05A12FE3259A0DFE00367767 /* StartUpCoordinator.swift in Sources */,
				05A12FBA2599F1ED00367767 /* Assets.swift in Sources */,
				05A12FCA259A072200367767 /* SwinjectConfigurator.swift in Sources */,
				05A12F832599D48B00367767 /* AppDelegate.swift in Sources */,
				05A12FE5259A0DFE00367767 /* StartUpViewController.swift in Sources */,
				05A12FED259A13E500367767 /* AppAssembly.swift in Sources */,
				05A12FBC2599F1ED00367767 /* Strings.swift in Sources */,
				05A12FD2259A086100367767 /* AppCoordinator.swift in Sources */,
				05A12FE4259A0DFE00367767 /* StartUpPresenter.swift in Sources */,
				05A12FE6259A0DFE00367767 /* StartUpAssembly.swift in Sources */,
				05A12FBB2599F1ED00367767 /* Scenes.swift in Sources */,
				05A12FCF259A074400367767 /* String+cString.swift in Sources */,
				05A12FC9259A072200367767 /* AutoAssembly.swift in Sources */,
				05A12FD9259A095700367767 /* Coordinator.swift in Sources */,
			);
			runOnlyForDeploymentPostprocessing = 0;
		};
/* End PBXSourcesBuildPhase section */

/* Begin PBXVariantGroup section */
		05A12F8D2599D48D00367767 /* LaunchScreen.storyboard */ = {
			isa = PBXVariantGroup;
			children = (
				05A12F8E2599D48D00367767 /* Base */,
			);
			name = LaunchScreen.storyboard;
			sourceTree = "<group>";
		};
		05A12FB32599F0EB00367767 /* Localizable.strings */ = {
			isa = PBXVariantGroup;
			children = (
				05A12FB22599F0EB00367767 /* en */,
			);
			name = Localizable.strings;
			sourceTree = "<group>";
		};
/* End PBXVariantGroup section */

/* Begin XCBuildConfiguration section */
		05A12F912599D48D00367767 /* Debug */ = {
			isa = XCBuildConfiguration;
			buildSettings = {
				ALWAYS_SEARCH_USER_PATHS = NO;
				CLANG_ANALYZER_NONNULL = YES;
				CLANG_ANALYZER_NUMBER_OBJECT_CONVERSION = YES_AGGRESSIVE;
				CLANG_CXX_LANGUAGE_STANDARD = "gnu++14";
				CLANG_CXX_LIBRARY = "libc++";
				CLANG_ENABLE_MODULES = YES;
				CLANG_ENABLE_OBJC_ARC = YES;
				CLANG_ENABLE_OBJC_WEAK = YES;
				CLANG_WARN_BLOCK_CAPTURE_AUTORELEASING = YES;
				CLANG_WARN_BOOL_CONVERSION = YES;
				CLANG_WARN_COMMA = YES;
				CLANG_WARN_CONSTANT_CONVERSION = YES;
				CLANG_WARN_DEPRECATED_OBJC_IMPLEMENTATIONS = YES;
				CLANG_WARN_DIRECT_OBJC_ISA_USAGE = YES_ERROR;
				CLANG_WARN_DOCUMENTATION_COMMENTS = YES;
				CLANG_WARN_EMPTY_BODY = YES;
				CLANG_WARN_ENUM_CONVERSION = YES;
				CLANG_WARN_INFINITE_RECURSION = YES;
				CLANG_WARN_INT_CONVERSION = YES;
				CLANG_WARN_NON_LITERAL_NULL_CONVERSION = YES;
				CLANG_WARN_OBJC_IMPLICIT_RETAIN_SELF = YES;
				CLANG_WARN_OBJC_LITERAL_CONVERSION = YES;
				CLANG_WARN_OBJC_ROOT_CLASS = YES_ERROR;
				CLANG_WARN_QUOTED_INCLUDE_IN_FRAMEWORK_HEADER = YES;
				CLANG_WARN_RANGE_LOOP_ANALYSIS = YES;
				CLANG_WARN_STRICT_PROTOTYPES = YES;
				CLANG_WARN_SUSPICIOUS_MOVE = YES;
				CLANG_WARN_UNGUARDED_AVAILABILITY = YES_AGGRESSIVE;
				CLANG_WARN_UNREACHABLE_CODE = YES;
				CLANG_WARN__DUPLICATE_METHOD_MATCH = YES;
				COPY_PHASE_STRIP = NO;
				DEBUG_INFORMATION_FORMAT = dwarf;
				ENABLE_STRICT_OBJC_MSGSEND = YES;
				ENABLE_TESTABILITY = YES;
				GCC_C_LANGUAGE_STANDARD = gnu11;
				GCC_DYNAMIC_NO_PIC = NO;
				GCC_NO_COMMON_BLOCKS = YES;
				GCC_OPTIMIZATION_LEVEL = 0;
				GCC_PREPROCESSOR_DEFINITIONS = (
					"DEBUG=1",
					"$(inherited)",
				);
				GCC_WARN_64_TO_32_BIT_CONVERSION = YES;
				GCC_WARN_ABOUT_RETURN_TYPE = YES_ERROR;
				GCC_WARN_UNDECLARED_SELECTOR = YES;
				GCC_WARN_UNINITIALIZED_AUTOS = YES_AGGRESSIVE;
				GCC_WARN_UNUSED_FUNCTION = YES;
				GCC_WARN_UNUSED_VARIABLE = YES;
				IPHONEOS_DEPLOYMENT_TARGET = 14.1;
				MTL_ENABLE_DEBUG_INFO = INCLUDE_SOURCE;
				MTL_FAST_MATH = YES;
				ONLY_ACTIVE_ARCH = YES;
				SDKROOT = iphoneos;
				SWIFT_ACTIVE_COMPILATION_CONDITIONS = DEBUG;
				SWIFT_OPTIMIZATION_LEVEL = "-Onone";
			};
			name = Debug;
		};
		05A12F922599D48D00367767 /* Release */ = {
			isa = XCBuildConfiguration;
			buildSettings = {
				ALWAYS_SEARCH_USER_PATHS = NO;
				CLANG_ANALYZER_NONNULL = YES;
				CLANG_ANALYZER_NUMBER_OBJECT_CONVERSION = YES_AGGRESSIVE;
				CLANG_CXX_LANGUAGE_STANDARD = "gnu++14";
				CLANG_CXX_LIBRARY = "libc++";
				CLANG_ENABLE_MODULES = YES;
				CLANG_ENABLE_OBJC_ARC = YES;
				CLANG_ENABLE_OBJC_WEAK = YES;
				CLANG_WARN_BLOCK_CAPTURE_AUTORELEASING = YES;
				CLANG_WARN_BOOL_CONVERSION = YES;
				CLANG_WARN_COMMA = YES;
				CLANG_WARN_CONSTANT_CONVERSION = YES;
				CLANG_WARN_DEPRECATED_OBJC_IMPLEMENTATIONS = YES;
				CLANG_WARN_DIRECT_OBJC_ISA_USAGE = YES_ERROR;
				CLANG_WARN_DOCUMENTATION_COMMENTS = YES;
				CLANG_WARN_EMPTY_BODY = YES;
				CLANG_WARN_ENUM_CONVERSION = YES;
				CLANG_WARN_INFINITE_RECURSION = YES;
				CLANG_WARN_INT_CONVERSION = YES;
				CLANG_WARN_NON_LITERAL_NULL_CONVERSION = YES;
				CLANG_WARN_OBJC_IMPLICIT_RETAIN_SELF = YES;
				CLANG_WARN_OBJC_LITERAL_CONVERSION = YES;
				CLANG_WARN_OBJC_ROOT_CLASS = YES_ERROR;
				CLANG_WARN_QUOTED_INCLUDE_IN_FRAMEWORK_HEADER = YES;
				CLANG_WARN_RANGE_LOOP_ANALYSIS = YES;
				CLANG_WARN_STRICT_PROTOTYPES = YES;
				CLANG_WARN_SUSPICIOUS_MOVE = YES;
				CLANG_WARN_UNGUARDED_AVAILABILITY = YES_AGGRESSIVE;
				CLANG_WARN_UNREACHABLE_CODE = YES;
				CLANG_WARN__DUPLICATE_METHOD_MATCH = YES;
				COPY_PHASE_STRIP = NO;
				DEBUG_INFORMATION_FORMAT = "dwarf-with-dsym";
				ENABLE_NS_ASSERTIONS = NO;
				ENABLE_STRICT_OBJC_MSGSEND = YES;
				GCC_C_LANGUAGE_STANDARD = gnu11;
				GCC_NO_COMMON_BLOCKS = YES;
				GCC_WARN_64_TO_32_BIT_CONVERSION = YES;
				GCC_WARN_ABOUT_RETURN_TYPE = YES_ERROR;
				GCC_WARN_UNDECLARED_SELECTOR = YES;
				GCC_WARN_UNINITIALIZED_AUTOS = YES_AGGRESSIVE;
				GCC_WARN_UNUSED_FUNCTION = YES;
				GCC_WARN_UNUSED_VARIABLE = YES;
				IPHONEOS_DEPLOYMENT_TARGET = 14.1;
				MTL_ENABLE_DEBUG_INFO = NO;
				MTL_FAST_MATH = YES;
				SDKROOT = iphoneos;
				SWIFT_COMPILATION_MODE = wholemodule;
				SWIFT_OPTIMIZATION_LEVEL = "-O";
				VALIDATE_PRODUCT = YES;
			};
			name = Release;
		};
		05A12F942599D48D00367767 /* Debug */ = {
			isa = XCBuildConfiguration;
			baseConfigurationReference = C597BAB89150FF2AFF31AC01 /* Pods-Oniony.debug.xcconfig */;
			buildSettings = {
				ASSETCATALOG_COMPILER_APPICON_NAME = AppIcon;
				CODE_SIGN_STYLE = Automatic;
				DEVELOPMENT_TEAM = 7C2D27973D;
				INFOPLIST_FILE = Oniony/Info.plist;
				IPHONEOS_DEPLOYMENT_TARGET = 14.1;
				LD_RUNPATH_SEARCH_PATHS = (
					"$(inherited)",
					"@executable_path/Frameworks",
				);
				PRODUCT_BUNDLE_IDENTIFIER = com.webviewlab.oniony;
				PRODUCT_NAME = "$(TARGET_NAME)";
				SWIFT_VERSION = 5.0;
				TARGETED_DEVICE_FAMILY = 1;
			};
			name = Debug;
		};
		05A12F952599D48D00367767 /* Release */ = {
			isa = XCBuildConfiguration;
			baseConfigurationReference = 1A2B943AC2E5BE5B8EA8B9B1 /* Pods-Oniony.release.xcconfig */;
			buildSettings = {
				ASSETCATALOG_COMPILER_APPICON_NAME = AppIcon;
				CODE_SIGN_STYLE = Automatic;
				DEVELOPMENT_TEAM = 7C2D27973D;
				INFOPLIST_FILE = Oniony/Info.plist;
				IPHONEOS_DEPLOYMENT_TARGET = 14.1;
				LD_RUNPATH_SEARCH_PATHS = (
					"$(inherited)",
					"@executable_path/Frameworks",
				);
				PRODUCT_BUNDLE_IDENTIFIER = com.webviewlab.oniony;
				PRODUCT_NAME = "$(TARGET_NAME)";
				SWIFT_VERSION = 5.0;
				TARGETED_DEVICE_FAMILY = 1;
			};
			name = Release;
		};
/* End XCBuildConfiguration section */

/* Begin XCConfigurationList section */
		05A12F7A2599D48B00367767 /* Build configuration list for PBXProject "Oniony" */ = {
			isa = XCConfigurationList;
			buildConfigurations = (
				05A12F912599D48D00367767 /* Debug */,
				05A12F922599D48D00367767 /* Release */,
			);
			defaultConfigurationIsVisible = 0;
			defaultConfigurationName = Release;
		};
		05A12F932599D48D00367767 /* Build configuration list for PBXNativeTarget "Oniony" */ = {
			isa = XCConfigurationList;
			buildConfigurations = (
				05A12F942599D48D00367767 /* Debug */,
				05A12F952599D48D00367767 /* Release */,
			);
			defaultConfigurationIsVisible = 0;
			defaultConfigurationName = Release;
		};
/* End XCConfigurationList section */
	};
	rootObject = 05A12F772599D48B00367767 /* Project object */;
}
